Microsoft Visual Studio Solution File, Format Version 11.00
# Visual Studio 2008

Project("{0336A3B3-B982-7636-E4FF-AB72E8E22F74}") = "StandTogetherBasic", "Assembly-CSharp-firstpass.csproj", "{CDEB0478-F885-28F9-467F-0FAE40608D8C}"
EndProject
Project("{0336A3B3-B982-7636-E4FF-AB72E8E22F74}") = "StandTogetherBasic", "Assembly-CSharp.csproj", "{30370EB4-A105-7F61-5CCC-07A2E7915CB5}"
EndProject
Project("{0336A3B3-B982-7636-E4FF-AB72E8E22F74}") = "StandTogetherBasic", "Assembly-CSharp-Editor.csproj", "{AC55D1C8-4D9A-97B2-7BCA-70268C251076}"
EndProject
Project("{0336A3B3-B982-7636-E4FF-AB72E8E22F74}") = "StandTogetherBasic", "Assembly-Boo-Editor.booproj", "{65DB85AD-32D3-6E72-40AA-313F319912F3}"
EndProject
Project("{0336A3B3-B982-7636-E4FF-AB72E8E22F74}") = "StandTogetherBasic", "Assembly-UnityScript-firstpass.unityproj", "{10C64A89-73B0-1A23-B311-D9E09508F1D2}"
EndProject
Project("{0336A3B3-B982-7636-E4FF-AB72E8E22F74}") = "StandTogetherBasic", "Assembly-UnityScript.unityproj", "{9F6CC2B5-985D-2B04-AC34-F5F54A0D154C}"
EndProject
Project("{0336A3B3-B982-7636-E4FF-AB72E8E22F74}") = "StandTogetherBasic", "Assembly-UnityScript-Editor.unityproj", "{219B0E1F-4E02-FD4C-BA7F-14B18FFBAF99}"
EndProject
Global
	GlobalSection(SolutionConfigurationPlatforms) = preSolution
		Debug|Any CPU = Debug|Any CPU
		Release|Any CPU = Release|Any CPU
	EndGlobalSection
	GlobalSection(ProjectConfigurationPlatforms) = postSolution
		{CDEB0478-F885-28F9-467F-0FAE40608D8C}.Debug|Any CPU.ActiveCfg = Debug|Any CPU
		{CDEB0478-F885-28F9-467F-0FAE40608D8C}.Debug|Any CPU.Build.0 = Debug|Any CPU
		{CDEB0478-F885-28F9-467F-0FAE40608D8C}.Release|Any CPU.ActiveCfg = Release|Any CPU
		{CDEB0478-F885-28F9-467F-0FAE40608D8C}.Release|Any CPU.Build.0 = Release|Any CPU
		{30370EB4-A105-7F61-5CCC-07A2E7915CB5}.Debug|Any CPU.ActiveCfg = Debug|Any CPU
		{30370EB4-A105-7F61-5CCC-07A2E7915CB5}.Debug|Any CPU.Build.0 = Debug|Any CPU
		{30370EB4-A105-7F61-5CCC-07A2E7915CB5}.Release|Any CPU.ActiveCfg = Release|Any CPU
		{30370EB4-A105-7F61-5CCC-07A2E7915CB5}.Release|Any CPU.Build.0 = Release|Any CPU
		{AC55D1C8-4D9A-97B2-7BCA-70268C251076}.Debug|Any CPU.ActiveCfg = Debug|Any CPU
		{AC55D1C8-4D9A-97B2-7BCA-70268C251076}.Debug|Any CPU.Build.0 = Debug|Any CPU
		{AC55D1C8-4D9A-97B2-7BCA-70268C251076}.Release|Any CPU.ActiveCfg = Release|Any CPU
		{AC55D1C8-4D9A-97B2-7BCA-70268C251076}.Release|Any CPU.Build.0 = Release|Any CPU
		{65DB85AD-32D3-6E72-40AA-313F319912F3}.Debug|Any CPU.ActiveCfg = Debug|Any CPU
		{65DB85AD-32D3-6E72-40AA-313F319912F3}.Debug|Any CPU.Build.0 = Debug|Any CPU
		{65DB85AD-32D3-6E72-40AA-313F319912F3}.Release|Any CPU.ActiveCfg = Release|Any CPU
		{65DB85AD-32D3-6E72-40AA-313F319912F3}.Release|Any CPU.Build.0 = Release|Any CPU
		{10C64A89-73B0-1A23-B311-D9E09508F1D2}.Debug|Any CPU.ActiveCfg = Debug|Any CPU
		{10C64A89-73B0-1A23-B311-D9E09508F1D2}.Debug|Any CPU.Build.0 = Debug|Any CPU
		{10C64A89-73B0-1A23-B311-D9E09508F1D2}.Release|Any CPU.ActiveCfg = Release|Any CPU
		{10C64A89-73B0-1A23-B311-D9E09508F1D2}.Release|Any CPU.Build.0 = Release|Any CPU
		{9F6CC2B5-985D-2B04-AC34-F5F54A0D154C}.Debug|Any CPU.ActiveCfg = Debug|Any CPU
		{9F6CC2B5-985D-2B04-AC34-F5F54A0D154C}.Debug|Any CPU.Build.0 = Debug|Any CPU
		{9F6CC2B5-985D-2B04-AC34-F5F54A0D154C}.Release|Any CPU.ActiveCfg = Release|Any CPU
		{9F6CC2B5-985D-2B04-AC34-F5F54A0D154C}.Release|Any CPU.Build.0 = Release|Any CPU
		{219B0E1F-4E02-FD4C-BA7F-14B18FFBAF99}.Debug|Any CPU.ActiveCfg = Debug|Any CPU
		{219B0E1F-4E02-FD4C-BA7F-14B18FFBAF99}.Debug|Any CPU.Build.0 = Debug|Any CPU
		{219B0E1F-4E02-FD4C-BA7F-14B18FFBAF99}.Release|Any CPU.ActiveCfg = Release|Any CPU
		{219B0E1F-4E02-FD4C-BA7F-14B18FFBAF99}.Release|Any CPU.Build.0 = Release|Any CPU
	EndGlobalSection
	GlobalSection(SolutionProperties) = preSolution
		HideSolutionNode = FALSE
	EndGlobalSection
																																																																																																																																																	GlobalSection(MonoDevelopProperties) = preSolution
		StartupItem = Assembly-CSharp.csproj
		Policies = $0
		$0.TextStylePolicy = $1
		$1.inheritsSet = null
		$1.scope = text/x-csharp
		$0.CSharpFormattingPolicy = $2
		$2.inheritsSet = Mono
		$2.inheritsScope = text/x-csharp
		$2.scope = text/x-csharp
		$0.TextStylePolicy = $3
		$3.FileWidth = 120
		$3.TabWidth = 4
		$3.EolMarker = Unix
		$3.inheritsSet = Mono
		$3.inheritsScope = text/plain
		$3.scope = text/plain
	EndGlobalSection

EndGlobal
